
Microsoft Visual Studio Solution File, Format Version 12.00
# Visual Studio Version 16
VisualStudioVersion = 16.0.31025.194
MinimumVisualStudioVersion = 10.0.40219.1
Project("{FAE04EC0-301F-11D3-BF4B-00C04F79EFBC}") = "Gravatar", "Gravatar\Gravatar.csproj", "{39105553-69BE-46C9-8B41-2C900A5AFFAE}"
EndProject
Project("{FAE04EC0-301F-11D3-BF4B-00C04F79EFBC}") = "Gravatar.Tests", "Gravatar.Tests\Gravatar.Tests.csproj", "{B4B891DE-5F8E-4149-B049-37CD68E2EAEB}"
EndProject
Global
	GlobalSection(SolutionConfigurationPlatforms) = preSolution
		Debug|Any CPU = Debug|Any CPU
		Release|Any CPU = Release|Any CPU
	EndGlobalSection
	GlobalSection(ProjectConfigurationPlatforms) = postSolution
		{39105553-69BE-46C9-8B41-2C900A5AFFAE}.Debug|Any CPU.ActiveCfg = Debug|Any CPU
		{39105553-69BE-46C9-8B41-2C900A5AFFAE}.Debug|Any CPU.Build.0 = Debug|Any CPU
		{39105553-69BE-46C9-8B41-2C900A5AFFAE}.Release|Any CPU.ActiveCfg = Release|Any CPU
		{39105553-69BE-46C9-8B41-2C900A5AFFAE}.Release|Any CPU.Build.0 = Release|Any CPU
		{B4B891DE-5F8E-4149-B049-37CD68E2EAEB}.Debug|Any CPU.ActiveCfg = Debug|Any CPU
		{B4B891DE-5F8E-4149-B049-37CD68E2EAEB}.Debug|Any CPU.Build.0 = Debug|Any CPU
		{B4B891DE-5F8E-4149-B049-37CD68E2EAEB}.Release|Any CPU.ActiveCfg = Release|Any CPU
		{B4B891DE-5F8E-4149-B049-37CD68E2EAEB}.Release|Any CPU.Build.0 = Release|Any CPU
	EndGlobalSection
	GlobalSection(SolutionProperties) = preSolution
		HideSolutionNode = FALSE
	EndGlobalSection
	GlobalSection(ExtensibilityGlobals) = postSolution
		SolutionGuid = {48574B06-125F-473B-8C53-F5940D98F312}
	EndGlobalSection
EndGlobal
